// !$*UTF8*$!
{
	archiveVersion = 1;
	classes = {
	};
	objectVersion = 46;
	objects = {

/* Begin PBXBuildFile section */
		8300FA181956015A00FE2C73 /* main.swift in Sources */ = {isa = PBXBuildFile; fileRef = 8300FA171956015A00FE2C73 /* main.swift */; };
		8300FA1F1956076A00FE2C73 /* Library.swift in Sources */ = {isa = PBXBuildFile; fileRef = 8300FA1E1956076A00FE2C73 /* Library.swift */; };
		832AFE9C1977F47800C09C77 /* LiterateSwift.swift in Sources */ = {isa = PBXBuildFile; fileRef = 832AFE9B1977F47800C09C77 /* LiterateSwift.swift */; };
/* End PBXBuildFile section */

/* Begin PBXContainerItemProxy section */
		8306A6EF196C506800EE4731 /* PBXContainerItemProxy */ = {
			isa = PBXContainerItemProxy;
			containerPortal = 8300FA0C1956015A00FE2C73 /* Project object */;
			proxyType = 1;
			remoteGlobalIDString = 8300FA131956015A00FE2C73;
			remoteInfo = LiterateSwift;
		};
/* End PBXContainerItemProxy section */

/* Begin PBXCopyFilesBuildPhase section */
		8300FA121956015A00FE2C73 /* CopyFiles */ = {
			isa = PBXCopyFilesBuildPhase;
			buildActionMask = 2147483647;
			dstPath = /usr/share/man/man1/;
			dstSubfolderSpec = 0;
			files = (
			);
			runOnlyForDeploymentPostprocessing = 1;
		};
/* End PBXCopyFilesBuildPhase section */

/* Begin PBXFileReference section */
		8300FA141956015A00FE2C73 /* LiterateSwift */ = {isa = PBXFileReference; explicitFileType = "compiled.mach-o.executable"; includeInIndex = 0; path = LiterateSwift; sourceTree = BUILT_PRODUCTS_DIR; };
		8300FA171956015A00FE2C73 /* main.swift */ = {isa = PBXFileReference; lastKnownFileType = sourcecode.swift; path = main.swift; sourceTree = "<group>"; };
		8300FA1E1956076A00FE2C73 /* Library.swift */ = {isa = PBXFileReference; fileEncoding = 4; lastKnownFileType = sourcecode.swift; path = Library.swift; sourceTree = "<group>"; };
		8306A6F1196C513800EE4731 /* InstallInBinDir.sh */ = {isa = PBXFileReference; lastKnownFileType = text.script.sh; path = InstallInBinDir.sh; sourceTree = "<group>"; };
		832AFE9B1977F47800C09C77 /* LiterateSwift.swift */ = {isa = PBXFileReference; fileEncoding = 4; lastKnownFileType = sourcecode.swift; path = LiterateSwift.swift; sourceTree = "<group>"; };
/* End PBXFileReference section */

/* Begin PBXFrameworksBuildPhase section */
		8300FA111956015A00FE2C73 /* Frameworks */ = {
			isa = PBXFrameworksBuildPhase;
			buildActionMask = 2147483647;
			files = (
			);
			runOnlyForDeploymentPostprocessing = 0;
		};
/* End PBXFrameworksBuildPhase section */

/* Begin PBXGroup section */
		8300FA0B1956015A00FE2C73 = {
			isa = PBXGroup;
			children = (
				8300FA161956015A00FE2C73 /* LiterateSwift */,
				8300FA151956015A00FE2C73 /* Products */,
			);
			sourceTree = "<group>";
		};
		8300FA151956015A00FE2C73 /* Products */ = {
			isa = PBXGroup;
			children = (
				8300FA141956015A00FE2C73 /* LiterateSwift */,
			);
			name = Products;
			sourceTree = "<group>";
		};
		8300FA161956015A00FE2C73 /* LiterateSwift */ = {
			isa = PBXGroup;
			children = (
				8306A6F1196C513800EE4731 /* InstallInBinDir.sh */,
				8300FA171956015A00FE2C73 /* main.swift */,
				8300FA1E1956076A00FE2C73 /* Library.swift */,
				832AFE9B1977F47800C09C77 /* LiterateSwift.swift */,
			);
			path = LiterateSwift;
			sourceTree = "<group>";
		};
/* End PBXGroup section */

/* Begin PBXLegacyTarget section */
		8306A6EB196C506100EE4731 /* CopyToBin */ = {
			isa = PBXLegacyTarget;
			buildArgumentsString = "${SRCROOT}/LiterateSwift/InstallInBinDir.sh";
			buildConfigurationList = 8306A6EE196C506100EE4731 /* Build configuration list for PBXLegacyTarget "CopyToBin" */;
			buildPhases = (
			);
			buildToolPath = /bin/bash;
			buildWorkingDirectory = "";
			dependencies = (
				8306A6F0196C506800EE4731 /* PBXTargetDependency */,
			);
			name = CopyToBin;
			passBuildSettingsInEnvironment = 1;
			productName = CopyToBin;
		};
/* End PBXLegacyTarget section */

/* Begin PBXNativeTarget section */
		8300FA131956015A00FE2C73 /* LiterateSwift */ = {
			isa = PBXNativeTarget;
			buildConfigurationList = 8300FA1B1956015A00FE2C73 /* Build configuration list for PBXNativeTarget "LiterateSwift" */;
			buildPhases = (
				8300FA101956015A00FE2C73 /* Sources */,
				8300FA111956015A00FE2C73 /* Frameworks */,
				8300FA121956015A00FE2C73 /* CopyFiles */,
			);
			buildRules = (
			);
			dependencies = (
			);
			name = LiterateSwift;
			productName = LiterateSwift;
			productReference = 8300FA141956015A00FE2C73 /* LiterateSwift */;
			productType = "com.apple.product-type.tool";
		};
/* End PBXNativeTarget section */

/* Begin PBXProject section */
		8300FA0C1956015A00FE2C73 /* Project object */ = {
			isa = PBXProject;
			attributes = {
				LastUpgradeCheck = 0600;
				ORGANIZATIONNAME = "Unsigned Integer";
				TargetAttributes = {
					8300FA131956015A00FE2C73 = {
						CreatedOnToolsVersion = 6.0;
					};
					8306A6EB196C506100EE4731 = {
						CreatedOnToolsVersion = 6.0;
					};
				};
			};
			buildConfigurationList = 8300FA0F1956015A00FE2C73 /* Build configuration list for PBXProject "LiterateSwift" */;
			compatibilityVersion = "Xcode 3.2";
			developmentRegion = English;
			hasScannedForEncodings = 0;
			knownRegions = (
				en,
			);
			mainGroup = 8300FA0B1956015A00FE2C73;
			productRefGroup = 8300FA151956015A00FE2C73 /* Products */;
			projectDirPath = "";
			projectRoot = "";
			targets = (
				8300FA131956015A00FE2C73 /* LiterateSwift */,
				8306A6EB196C506100EE4731 /* CopyToBin */,
			);
		};
/* End PBXProject section */

/* Begin PBXSourcesBuildPhase section */
		8300FA101956015A00FE2C73 /* Sources */ = {
			isa = PBXSourcesBuildPhase;
			buildActionMask = 2147483647;
			files = (
				832AFE9C1977F47800C09C77 /* LiterateSwift.swift in Sources */,
				8300FA181956015A00FE2C73 /* main.swift in Sources */,
				8300FA1F1956076A00FE2C73 /* Library.swift in Sources */,
			);
			runOnlyForDeploymentPostprocessing = 0;
		};
/* End PBXSourcesBuildPhase section */

/* Begin PBXTargetDependency section */
		8306A6F0196C506800EE4731 /* PBXTargetDependency */ = {
			isa = PBXTargetDependency;
			target = 8300FA131956015A00FE2C73 /* LiterateSwift */;
			targetProxy = 8306A6EF196C506800EE4731 /* PBXContainerItemProxy */;
		};
/* End PBXTargetDependency section */

/* Begin XCBuildConfiguration section */
		8300FA191956015A00FE2C73 /* Debug */ = {
			isa = XCBuildConfiguration;
			buildSettings = {
				ALWAYS_SEARCH_USER_PATHS = NO;
				CLANG_CXX_LANGUAGE_STANDARD = "gnu++0x";
				CLANG_CXX_LIBRARY = "libc++";
				CLANG_ENABLE_MODULES = YES;
				CLANG_ENABLE_OBJC_ARC = YES;
				CLANG_WARN_BOOL_CONVERSION = YES;
				CLANG_WARN_CONSTANT_CONVERSION = YES;
				CLANG_WARN_DIRECT_OBJC_ISA_USAGE = YES_ERROR;
				CLANG_WARN_EMPTY_BODY = YES;
				CLANG_WARN_ENUM_CONVERSION = YES;
				CLANG_WARN_INT_CONVERSION = YES;
				CLANG_WARN_OBJC_ROOT_CLASS = YES_ERROR;
				CLANG_WARN_UNREACHABLE_CODE = YES;
				CLANG_WARN__DUPLICATE_METHOD_MATCH = YES;
				COPY_PHASE_STRIP = NO;
				ENABLE_STRICT_OBJC_MSGSEND = YES;
				GCC_C_LANGUAGE_STANDARD = gnu99;
				GCC_DYNAMIC_NO_PIC = NO;
				GCC_OPTIMIZATION_LEVEL = 0;
				GCC_PREPROCESSOR_DEFINITIONS = (
					"DEBUG=1",
					"$(inherited)",
				);
				GCC_SYMBOLS_PRIVATE_EXTERN = NO;
				GCC_WARN_64_TO_32_BIT_CONVERSION = YES;
				GCC_WARN_ABOUT_RETURN_TYPE = YES_ERROR;
				GCC_WARN_UNDECLARED_SELECTOR = YES;
				GCC_WARN_UNINITIALIZED_AUTOS = YES_AGGRESSIVE;
				GCC_WARN_UNUSED_FUNCTION = YES;
				GCC_WARN_UNUSED_VARIABLE = YES;
				MACOSX_DEPLOYMENT_TARGET = 10.9;
				METAL_ENABLE_DEBUG_INFO = YES;
				ONLY_ACTIVE_ARCH = YES;
				SDKROOT = macosx;
				SWIFT_OPTIMIZATION_LEVEL = "-Onone";
			};
			name = Debug;
		};
		8300FA1A1956015A00FE2C73 /* Release */ = {
			isa = XCBuildConfiguration;
			buildSettings = {
				ALWAYS_SEARCH_USER_PATHS = NO;
				CLANG_CXX_LANGUAGE_STANDARD = "gnu++0x";
				CLANG_CXX_LIBRARY = "libc++";
				CLANG_ENABLE_MODULES = YES;
				CLANG_ENABLE_OBJC_ARC = YES;
				CLANG_WARN_BOOL_CONVERSION = YES;
				CLANG_WARN_CONSTANT_CONVERSION = YES;
				CLANG_WARN_DIRECT_OBJC_ISA_USAGE = YES_ERROR;
				CLANG_WARN_EMPTY_BODY = YES;
				CLANG_WARN_ENUM_CONVERSION = YES;
				CLANG_WARN_INT_CONVERSION = YES;
				CLANG_WARN_OBJC_ROOT_CLASS = YES_ERROR;
				CLANG_WARN_UNREACHABLE_CODE = YES;
				CLANG_WARN__DUPLICATE_METHOD_MATCH = YES;
				COPY_PHASE_STRIP = YES;
				DEBUG_INFORMATION_FORMAT = "dwarf-with-dsym";
				ENABLE_NS_ASSERTIONS = NO;
				ENABLE_STRICT_OBJC_MSGSEND = YES;
				GCC_C_LANGUAGE_STANDARD = gnu99;
				GCC_WARN_64_TO_32_BIT_CONVERSION = YES;
				GCC_WARN_ABOUT_RETURN_TYPE = YES_ERROR;
				GCC_WARN_UNDECLARED_SELECTOR = YES;
				GCC_WARN_UNINITIALIZED_AUTOS = YES_AGGRESSIVE;
				GCC_WARN_UNUSED_FUNCTION = YES;
				GCC_WARN_UNUSED_VARIABLE = YES;
				MACOSX_DEPLOYMENT_TARGET = 10.9;
				METAL_ENABLE_DEBUG_INFO = NO;
				SDKROOT = macosx;
			};
			name = Release;
		};
		8300FA1C1956015A00FE2C73 /* Debug */ = {
			isa = XCBuildConfiguration;
			buildSettings = {
				PRODUCT_NAME = "$(TARGET_NAME)";
			};
			name = Debug;
		};
		8300FA1D1956015A00FE2C73 /* Release */ = {
			isa = XCBuildConfiguration;
			buildSettings = {
				PRODUCT_NAME = "$(TARGET_NAME)";
			};
			name = Release;
		};
		8306A6EC196C506100EE4731 /* Debug */ = {
			isa = XCBuildConfiguration;
			buildSettings = {
				DEBUGGING_SYMBOLS = YES;
				GCC_GENERATE_DEBUGGING_SYMBOLS = YES;
				GCC_OPTIMIZATION_LEVEL = 0;
				GCC_PREPROCESSOR_DEFINITIONS = (
					"DEBUG=1",
					"$(inherited)",
				);
				MTL_ENABLE_DEBUG_INFO = YES;
				OTHER_CFLAGS = "";
				OTHER_LDFLAGS = "";
				PRODUCT_NAME = "$(TARGET_NAME)";
			};
			name = Debug;
		};
		8306A6ED196C506100EE4731 /* Release */ = {
			isa = XCBuildConfiguration;
			buildSettings = {
				MTL_ENABLE_DEBUG_INFO = NO;
				OTHER_CFLAGS = "";
				OTHER_LDFLAGS = "";
				PRODUCT_NAME = "$(TARGET_NAME)";
			};
			name = Release;
		};
/* End XCBuildConfiguration section */

/* Begin XCConfigurationList section */
		8300FA0F1956015A00FE2C73 /* Build configuration list for PBXProject "LiterateSwift" */ = {
			isa = XCConfigurationList;
			buildConfigurations = (
				8300FA191956015A00FE2C73 /* Debug */,
				8300FA1A1956015A00FE2C73 /* Release */,
			);
			defaultConfigurationIsVisible = 0;
			defaultConfigurationName = Release;
		};
		8300FA1B1956015A00FE2C73 /* Build configuration list for PBXNativeTarget "LiterateSwift" */ = {
			isa = XCConfigurationList;
			buildConfigurations = (
				8300FA1C1956015A00FE2C73 /* Debug */,
				8300FA1D1956015A00FE2C73 /* Release */,
			);
			defaultConfigurationIsVisible = 0;
			defaultConfigurationName = Release;
		};
		8306A6EE196C506100EE4731 /* Build configuration list for PBXLegacyTarget "CopyToBin" */ = {
			isa = XCConfigurationList;
			buildConfigurations = (
				8306A6EC196C506100EE4731 /* Debug */,
				8306A6ED196C506100EE4731 /* Release */,
			);
			defaultConfigurationIsVisible = 0;
			defaultConfigurationName = Release;
		};
/* End XCConfigurationList section */
	};
	rootObject = 8300FA0C1956015A00FE2C73 /* Project object */;
}
